{
  "lockfile_version": "1",
  "packages": {
    "github:NixOS/nixpkgs/nixpkgs-unstable": {
      "resolved": "github:NixOS/nixpkgs/507b63021ada5fee621b6ca371c4fca9ca46f52c?lastModified=1745377448&narHash=sha256-jhZDfXVKdD7TSEGgzFJQvEEZ2K65UMiqW5YJ2aIqxMA%3D"
    },
    "poetry@latest": {
      "last_modified": "2024-09-12T11:58:09Z",
      "plugin_version": "0.0.4",
      "resolved": "github:NixOS/nixpkgs/280db3decab4cbeb22a4599bd472229ab74d25e1#poetry",
      "source": "devbox-search",
      "version": "1.8.3",
      "systems": {
        "aarch64-darwin": {
          "outputs": [
            {
              "name": "out",
              "path": "/nix/store/3afd2hf59pqfcp89qv3dpigg1k4vdcqm-python3.12-poetry-1.8.3",
              "default": true
            },
            {
              "name": "dist",
              "path": "/nix/store/syx3946jkn35a48v21r0ivxb486ih11a-python3.12-poetry-1.8.3-dist"
            }
          ],
          "store_path": "/nix/store/3afd2hf59pqfcp89qv3dpigg1k4vdcqm-python3.12-poetry-1.8.3"
        },
        "aarch64-linux": {
          "outputs": [
            {
              "name": "out",
              "path": "/nix/store/yrbxp6p7y3rw2rsb876fh626im5qwm11-python3.12-poetry-1.8.3",
              "default": true
            },
            {
              "name": "dist",
              "path": "/nix/store/i3rhhqx707d9rs733fr6d78j4bdgxv18-python3.12-poetry-1.8.3-dist"
            }
          ],
          "store_path": "/nix/store/yrbxp6p7y3rw2rsb876fh626im5qwm11-python3.12-poetry-1.8.3"
        },
        "x86_64-darwin": {
          "outputs": [
            {
              "name": "out",
              "path": "/nix/store/zprd4igxqmqpx7sb5b855m03j3v9khl4-python3.12-poetry-1.8.3",
              "default": true
            },
            {
              "name": "dist",
              "path": "/nix/store/aks1ifxa9zh6x097psaawfw9hyfgxc4m-python3.12-poetry-1.8.3-dist"
            }
          ],
          "store_path": "/nix/store/zprd4igxqmqpx7sb5b855m03j3v9khl4-python3.12-poetry-1.8.3"
        },
        "x86_64-linux": {
          "outputs": [
            {
              "name": "out",
              "path": "/nix/store/wp31r8hkk6przh1wxmgk7qcqv49qn0rr-python3.12-poetry-1.8.3",
              "default": true
            },
            {
              "name": "dist",
              "path": "/nix/store/s344207rj40wlnqbb857i7jqrva8wfb0-python3.12-poetry-1.8.3-dist"
            }
          ],
          "store_path": "/nix/store/wp31r8hkk6przh1wxmgk7qcqv49qn0rr-python3.12-poetry-1.8.3"
        }
      }
    },
    "uv@latest": {
      "last_modified": "2025-02-13T13:03:05Z",
      "resolved": "github:NixOS/nixpkgs/1128e89fd5e11bb25aedbfc287733c6502202ea9#uv",
      "source": "devbox-search",
      "version": "0.5.31",
      "systems": {
        "aarch64-darwin": {
          "outputs": [
            {
              "name": "out",
              "path": "/nix/store/nyjfycw55clapgjsy72d2jj4zgaajvxr-uv-0.5.31",
              "default": true
            }
          ],
          "store_path": "/nix/store/nyjfycw55clapgjsy72d2jj4zgaajvxr-uv-0.5.31"
        },
        "aarch64-linux": {
          "outputs": [
            {
              "name": "out",
              "path": "/nix/store/0d2ja250k2k8l23zddvg6i90q33dly2j-uv-0.5.31",
              "default": true
            }
          ],
          "store_path": "/nix/store/0d2ja250k2k8l23zddvg6i90q33dly2j-uv-0.5.31"
        },
        "x86_64-darwin": {
          "outputs": [
            {
              "name": "out",
              "path": "/nix/store/js64hjbnkxfs10vin6364s102rqwm1wg-uv-0.5.31",
              "default": true
            }
          ],
          "store_path": "/nix/store/js64hjbnkxfs10vin6364s102rqwm1wg-uv-0.5.31"
        },
        "x86_64-linux": {
          "outputs": [
            {
              "name": "out",
              "path": "/nix/store/1wl29ffn2bacvk7yd3hdpzijv4jsizfn-uv-0.5.31",
              "default": true
            }
          ],
          "store_path": "/nix/store/1wl29ffn2bacvk7yd3hdpzijv4jsizfn-uv-0.5.31"
        }
      }
    },
    "vscode@latest": {
      "last_modified": "2024-11-16T04:25:12Z",
      "resolved": "github:NixOS/nixpkgs/34a626458d686f1b58139620a8b2793e9e123bba#vscode",
      "source": "devbox-search",
      "version": "1.95.2",
      "systems": {
        "aarch64-darwin": {
          "outputs": [
            {
              "name": "out",
              "path": "/nix/store/ar5w4hm0lfazi6ijs67bfwxlcyj9nwqr-vscode-1.95.2",
              "default": true
            }
          ],
          "store_path": "/nix/store/ar5w4hm0lfazi6ijs67bfwxlcyj9nwqr-vscode-1.95.2"
        },
        "aarch64-linux": {
          "outputs": [
            {
              "name": "out",
              "path": "/nix/store/zndcddlp66x0dy37c0cpkbaga2mbnqfa-vscode-1.95.2",
              "default": true
            }
          ],
          "store_path": "/nix/store/zndcddlp66x0dy37c0cpkbaga2mbnqfa-vscode-1.95.2"
        },
        "x86_64-darwin": {
          "outputs": [
            {
              "name": "out",
              "path": "/nix/store/i81y8zyismjxmw9mkqlh0snld7xsa2j7-vscode-1.95.2",
              "default": true
            }
          ],
          "store_path": "/nix/store/i81y8zyismjxmw9mkqlh0snld7xsa2j7-vscode-1.95.2"
        },
        "x86_64-linux": {
          "outputs": [
            {
              "name": "out",
              "path": "/nix/store/3p6xk7qqvizn18b6nz2s93f3z25p9fbf-vscode-1.95.2",
              "default": true
            }
          ],
          "store_path": "/nix/store/3p6xk7qqvizn18b6nz2s93f3z25p9fbf-vscode-1.95.2"
        }
      }
    }
  }
}
